
Microsoft Visual Studio Solution File, Format Version 12.00
# Visual Studio Version 17
VisualStudioVersion = 17.2.32602.215
MinimumVisualStudioVersion = 10.0.40219.1
Project("{FAE04EC0-301F-11D3-BF4B-00C04F79EFBC}") = "ConsoleApp11", "ConsoleApp11\ConsoleApp11.csproj", "{6829FE97-CD80-4AE6-B235-0FE154735525}"
EndProject
Global
	GlobalSection(SolutionConfigurationPlatforms) = preSolution
		Debug|Any CPU = Debug|Any CPU
		Release|Any CPU = Release|Any CPU
	EndGlobalSection
	GlobalSection(ProjectConfigurationPlatforms) = postSolution
		{6829FE97-CD80-4AE6-B235-0FE154735525}.Debug|Any CPU.ActiveCfg = Debug|Any CPU
		{6829FE97-CD80-4AE6-B235-0FE154735525}.Debug|Any CPU.Build.0 = Debug|Any CPU
		{6829FE97-CD80-4AE6-B235-0FE154735525}.Release|Any CPU.ActiveCfg = Release|Any CPU
		{6829FE97-CD80-4AE6-B235-0FE154735525}.Release|Any CPU.Build.0 = Release|Any CPU
	EndGlobalSection
	GlobalSection(SolutionProperties) = preSolution
		HideSolutionNode = FALSE
	EndGlobalSection
	GlobalSection(ExtensibilityGlobals) = postSolution
		SolutionGuid = {D2704E8F-6B97-46BB-9CB9-C796851ECC67}
	EndGlobalSection
EndGlobal
